
Microsoft Visual Studio Solution File, Format Version 12.00
# Visual Studio 15
VisualStudioVersion = 15.0.27004.2008
MinimumVisualStudioVersion = 10.0.40219.1
Project("{9A19103F-16F7-4668-BE54-9A1E7A4F7556}") = "SmtpServerForE2ETest", "SmtpServerForE2ETest\SmtpServerForE2ETest.csproj", "{BD4BA344-7473-4B49-8E4B-42BB8475920B}"
EndProject
Project("{E53339B2-1760-4266-BCC7-CA923CBCF16C}") = "docker-compose", "docker-compose.dcproj", "{C3DA164A-AD85-4D6C-BBF3-EFDD7260D3F8}"
EndProject
Global
	GlobalSection(SolutionConfigurationPlatforms) = preSolution
		Debug|Any CPU = Debug|Any CPU
		Release|Any CPU = Release|Any CPU
	EndGlobalSection
	GlobalSection(ProjectConfigurationPlatforms) = postSolution
		{BD4BA344-7473-4B49-8E4B-42BB8475920B}.Debug|Any CPU.ActiveCfg = Debug|Any CPU
		{BD4BA344-7473-4B49-8E4B-42BB8475920B}.Debug|Any CPU.Build.0 = Debug|Any CPU
		{BD4BA344-7473-4B49-8E4B-42BB8475920B}.Release|Any CPU.ActiveCfg = Release|Any CPU
		{BD4BA344-7473-4B49-8E4B-42BB8475920B}.Release|Any CPU.Build.0 = Release|Any CPU
		{C3DA164A-AD85-4D6C-BBF3-EFDD7260D3F8}.Debug|Any CPU.ActiveCfg = Debug|Any CPU
		{C3DA164A-AD85-4D6C-BBF3-EFDD7260D3F8}.Release|Any CPU.ActiveCfg = Release|Any CPU
		{C3DA164A-AD85-4D6C-BBF3-EFDD7260D3F8}.Release|Any CPU.Build.0 = Release|Any CPU
	EndGlobalSection
	GlobalSection(SolutionProperties) = preSolution
		HideSolutionNode = FALSE
	EndGlobalSection
	GlobalSection(ExtensibilityGlobals) = postSolution
		SolutionGuid = {AE8A6151-4099-4B12-B80A-71C613241838}
	EndGlobalSection
EndGlobal
