{
  "name": "smtp-server-for-test.app",
  "version": "0.0.0",
  "lockfileVersion": 1,
  "requires": true,
  "dependencies": {
    "@types/angular": {
      "version": "1.6.32",
      "resolved": "https://registry.npmjs.org/@types/angular/-/angular-1.6.32.tgz",
      "integrity": "sha512-xpx7oFBN2oQEwtD80m+aI8wpejzGvlgkgzYD+MpxFTyJtlbwUUUIaJEaEJOtgtF/9Fndt3q6W1qNGf7vO2AUjw==",
      "dev": true
    },
    "@types/angular-cookies": {
      "version": "1.4.5",
      "resolved": "https://registry.npmjs.org/@types/angular-cookies/-/angular-cookies-1.4.5.tgz",
      "integrity": "sha512-WJJX4Z0JDte/0KSKGm4JGJbnv3wz8fnK6Li3aKdXUGu+mvjTvmJF7h0acFV9ODGhgwpFXzH9dLw3IjR6WbgG3w==",
      "dev": true,
      "requires": {
        "@types/angular": "*"
      }
    },
    "@types/angular-resource": {
      "version": "1.5.14",
      "resolved": "https://registry.npmjs.org/@types/angular-resource/-/angular-resource-1.5.14.tgz",
      "integrity": "sha512-dpP5DHIape+lMlLPzfOrkpkgjiDrT2lYcPY2Wrk2FTUEBlOZkR1sM+I8oR1S/ZuKCDzTxOi0UmLg+0MG7zcFyA==",
      "dev": true,
      "requires": {
        "@types/angular": "*"
      }
    },
    "@types/angular-route": {
      "version": "1.3.4",
      "resolved": "https://registry.npmjs.org/@types/angular-route/-/angular-route-1.3.4.tgz",
      "integrity": "sha512-92OQR2FmH4whfVfvCZmZYkih8zKlRBXgsgs39dUv3YlVsjRgjByweMFA8N2Qh9zpDul5gQCFvQCajGrYqxyn4A==",
      "dev": true,
      "requires": {
        "@types/angular": "*"
      }
    },
    "@types/jquery": {
      "version": "3.2.12",
      "resolved": "https://registry.npmjs.org/@types/jquery/-/jquery-3.2.12.tgz",
      "integrity": "sha512-xZzTbUju6AYFE/088UcH2+dB7yTLHlujDju9pfncD1WLl2LWa6Mn+WzKjFfhn8YA+he53j5K0Rfdw89BN0kDug==",
      "dev": true
    },
    "@types/signalr": {
      "version": "2.2.35",
      "resolved": "https://registry.npmjs.org/@types/signalr/-/signalr-2.2.35.tgz",
      "integrity": "sha512-YVIqZzmiNA8E1maMM57fqz44xJFTWxoNeuw3NfYv/j22lVhVXZeef1rOFo96ENpnrpEa+5ktKpDsGpozfKdTCw==",
      "dev": true,
      "requires": {
        "@types/jquery": "*"
      }
    },
    "typescript": {
      "version": "2.5.3",
      "resolved": "https://registry.npmjs.org/typescript/-/typescript-2.5.3.tgz",
      "integrity": "sha512-ptLSQs2S4QuS6/OD1eAKG+S5G8QQtrU5RT32JULdZQtM1L3WTi34Wsu48Yndzi8xsObRAB9RPt/KhA9wlpEF6w==",
      "dev": true
    }
  }
}
